// !$*UTF8*$!
{
	archiveVersion = 1;
	classes = {
	};
	objectVersion = 46;
	objects = {

/* Begin PBXBuildFile section */
		9EEA39B119A2565B00EE4BB0 /* Foundation.framework in Frameworks */ = {isa = PBXBuildFile; fileRef = 9EEA39B019A2565B00EE4BB0 /* Foundation.framework */; };
		9EEA39B319A2565B00EE4BB0 /* CoreGraphics.framework in Frameworks */ = {isa = PBXBuildFile; fileRef = 9EEA39B219A2565B00EE4BB0 /* CoreGraphics.framework */; };
		9EEA39B519A2565B00EE4BB0 /* UIKit.framework in Frameworks */ = {isa = PBXBuildFile; fileRef = 9EEA39B419A2565B00EE4BB0 /* UIKit.framework */; };
		9EEA39BB19A2565B00EE4BB0 /* InfoPlist.strings in Resources */ = {isa = PBXBuildFile; fileRef = 9EEA39B919A2565B00EE4BB0 /* InfoPlist.strings */; };
		9EEA39BD19A2565B00EE4BB0 /* main.m in Sources */ = {isa = PBXBuildFile; fileRef = 9EEA39BC19A2565B00EE4BB0 /* main.m */; };
		9EEA39C119A2565B00EE4BB0 /* AppDelegate.m in Sources */ = {isa = PBXBuildFile; fileRef = 9EEA39C019A2565B00EE4BB0 /* AppDelegate.m */; };
		9EEA39C419A2565B00EE4BB0 /* Main.storyboard in Resources */ = {isa = PBXBuildFile; fileRef = 9EEA39C219A2565B00EE4BB0 /* Main.storyboard */; };
		9EEA39C719A2565B00EE4BB0 /* ViewController.m in Sources */ = {isa = PBXBuildFile; fileRef = 9EEA39C619A2565B00EE4BB0 /* ViewController.m */; };
		9EEA39D019A2565B00EE4BB0 /* XCTest.framework in Frameworks */ = {isa = PBXBuildFile; fileRef = 9EEA39CF19A2565B00EE4BB0 /* XCTest.framework */; };
		9EEA39D119A2565B00EE4BB0 /* Foundation.framework in Frameworks */ = {isa = PBXBuildFile; fileRef = 9EEA39B019A2565B00EE4BB0 /* Foundation.framework */; };
		9EEA39D219A2565B00EE4BB0 /* UIKit.framework in Frameworks */ = {isa = PBXBuildFile; fileRef = 9EEA39B419A2565B00EE4BB0 /* UIKit.framework */; };
		9EEA39DA19A2565B00EE4BB0 /* InfoPlist.strings in Resources */ = {isa = PBXBuildFile; fileRef = 9EEA39D819A2565B00EE4BB0 /* InfoPlist.strings */; };
		9EEA39DC19A2565B00EE4BB0 /* MBusAppTests.m in Sources */ = {isa = PBXBuildFile; fileRef = 9EEA39DB19A2565B00EE4BB0 /* MBusAppTests.m */; };
		9EEA39E919A2578E00EE4BB0 /* mbus.html in Resources */ = {isa = PBXBuildFile; fileRef = 9EEA39E819A2578E00EE4BB0 /* mbus.html */; };
		9EEA39EB19A2579800EE4BB0 /* busStyle.css in Resources */ = {isa = PBXBuildFile; fileRef = 9EEA39EA19A2579800EE4BB0 /* busStyle.css */; };
		9EEA39ED19A257CF00EE4BB0 /* stop-card.html in Resources */ = {isa = PBXBuildFile; fileRef = 9EEA39EC19A257CF00EE4BB0 /* stop-card.html */; };
		9EEA39FC19A2595400EE4BB0 /* components_full in Resources */ = {isa = PBXBuildFile; fileRef = 9EEA39FB19A2595400EE4BB0 /* components_full */; };
		9EEA3A2319A260DA00EE4BB0 /* busData.min.js in Resources */ = {isa = PBXBuildFile; fileRef = 9EEA3A1D19A25D8C00EE4BB0 /* busData.min.js */; };
		9EEA3A2419A260DE00EE4BB0 /* jquery-1.11.1.min.js in Resources */ = {isa = PBXBuildFile; fileRef = 9EEA3A1F19A25D9700EE4BB0 /* jquery-1.11.1.min.js */; };
		9EEA3A2619A2717E00EE4BB0 /* Images.xcassets in Resources */ = {isa = PBXBuildFile; fileRef = 9EEA3A2519A2717E00EE4BB0 /* Images.xcassets */; };
/* End PBXBuildFile section */

/* Begin PBXContainerItemProxy section */
		9EEA39D319A2565B00EE4BB0 /* PBXContainerItemProxy */ = {
			isa = PBXContainerItemProxy;
			containerPortal = 9EEA39A519A2565B00EE4BB0 /* Project object */;
			proxyType = 1;
			remoteGlobalIDString = 9EEA39AC19A2565B00EE4BB0;
			remoteInfo = MBusApp;
		};
/* End PBXContainerItemProxy section */

/* Begin PBXFileReference section */
		9EEA39AD19A2565B00EE4BB0 /* MBusApp.app */ = {isa = PBXFileReference; explicitFileType = wrapper.application; includeInIndex = 0; path = MBusApp.app; sourceTree = BUILT_PRODUCTS_DIR; };
		9EEA39B019A2565B00EE4BB0 /* Foundation.framework */ = {isa = PBXFileReference; lastKnownFileType = wrapper.framework; name = Foundation.framework; path = System/Library/Frameworks/Foundation.framework; sourceTree = SDKROOT; };
		9EEA39B219A2565B00EE4BB0 /* CoreGraphics.framework */ = {isa = PBXFileReference; lastKnownFileType = wrapper.framework; name = CoreGraphics.framework; path = System/Library/Frameworks/CoreGraphics.framework; sourceTree = SDKROOT; };
		9EEA39B419A2565B00EE4BB0 /* UIKit.framework */ = {isa = PBXFileReference; lastKnownFileType = wrapper.framework; name = UIKit.framework; path = System/Library/Frameworks/UIKit.framework; sourceTree = SDKROOT; };
		9EEA39B819A2565B00EE4BB0 /* MBusApp-Info.plist */ = {isa = PBXFileReference; lastKnownFileType = text.plist.xml; path = "MBusApp-Info.plist"; sourceTree = "<group>"; };
		9EEA39BA19A2565B00EE4BB0 /* en */ = {isa = PBXFileReference; lastKnownFileType = text.plist.strings; name = en; path = en.lproj/InfoPlist.strings; sourceTree = "<group>"; };
		9EEA39BC19A2565B00EE4BB0 /* main.m */ = {isa = PBXFileReference; lastKnownFileType = sourcecode.c.objc; path = main.m; sourceTree = "<group>"; };
		9EEA39BE19A2565B00EE4BB0 /* MBusApp-Prefix.pch */ = {isa = PBXFileReference; lastKnownFileType = sourcecode.c.h; path = "MBusApp-Prefix.pch"; sourceTree = "<group>"; };
		9EEA39BF19A2565B00EE4BB0 /* AppDelegate.h */ = {isa = PBXFileReference; lastKnownFileType = sourcecode.c.h; path = AppDelegate.h; sourceTree = "<group>"; };
		9EEA39C019A2565B00EE4BB0 /* AppDelegate.m */ = {isa = PBXFileReference; lastKnownFileType = sourcecode.c.objc; path = AppDelegate.m; sourceTree = "<group>"; };
		9EEA39C319A2565B00EE4BB0 /* Base */ = {isa = PBXFileReference; lastKnownFileType = file.storyboard; name = Base; path = Base.lproj/Main.storyboard; sourceTree = "<group>"; };
		9EEA39C519A2565B00EE4BB0 /* ViewController.h */ = {isa = PBXFileReference; lastKnownFileType = sourcecode.c.h; path = ViewController.h; sourceTree = "<group>"; };
		9EEA39C619A2565B00EE4BB0 /* ViewController.m */ = {isa = PBXFileReference; lastKnownFileType = sourcecode.c.objc; path = ViewController.m; sourceTree = "<group>"; };
		9EEA39CE19A2565B00EE4BB0 /* MBusAppTests.xctest */ = {isa = PBXFileReference; explicitFileType = wrapper.cfbundle; includeInIndex = 0; path = MBusAppTests.xctest; sourceTree = BUILT_PRODUCTS_DIR; };
		9EEA39CF19A2565B00EE4BB0 /* XCTest.framework */ = {isa = PBXFileReference; lastKnownFileType = wrapper.framework; name = XCTest.framework; path = Library/Frameworks/XCTest.framework; sourceTree = DEVELOPER_DIR; };
		9EEA39D719A2565B00EE4BB0 /* MBusAppTests-Info.plist */ = {isa = PBXFileReference; lastKnownFileType = text.plist.xml; path = "MBusAppTests-Info.plist"; sourceTree = "<group>"; };
		9EEA39D919A2565B00EE4BB0 /* en */ = {isa = PBXFileReference; lastKnownFileType = text.plist.strings; name = en; path = en.lproj/InfoPlist.strings; sourceTree = "<group>"; };
		9EEA39DB19A2565B00EE4BB0 /* MBusAppTests.m */ = {isa = PBXFileReference; lastKnownFileType = sourcecode.c.objc; path = MBusAppTests.m; sourceTree = "<group>"; };
		9EEA39E819A2578E00EE4BB0 /* mbus.html */ = {isa = PBXFileReference; fileEncoding = 4; lastKnownFileType = text.html; name = mbus.html; path = "MBus-master/mbus.html"; sourceTree = SOURCE_ROOT; };
		9EEA39EA19A2579800EE4BB0 /* busStyle.css */ = {isa = PBXFileReference; fileEncoding = 4; lastKnownFileType = text.css; name = busStyle.css; path = "MBus-master/busStyle.css"; sourceTree = SOURCE_ROOT; };
		9EEA39EC19A257CF00EE4BB0 /* stop-card.html */ = {isa = PBXFileReference; fileEncoding = 4; lastKnownFileType = text.html; name = "stop-card.html"; path = "MBus-master/stop-card.html"; sourceTree = SOURCE_ROOT; };
		9EEA39FB19A2595400EE4BB0 /* components_full */ = {isa = PBXFileReference; lastKnownFileType = folder; name = components_full; path = "MBus-master/components_full"; sourceTree = SOURCE_ROOT; };
		9EEA3A1D19A25D8C00EE4BB0 /* busData.min.js */ = {isa = PBXFileReference; fileEncoding = 4; lastKnownFileType = sourcecode.javascript; name = busData.min.js; path = "MBus-master/busData.min.js"; sourceTree = SOURCE_ROOT; };
		9EEA3A1F19A25D9700EE4BB0 /* jquery-1.11.1.min.js */ = {isa = PBXFileReference; fileEncoding = 4; lastKnownFileType = sourcecode.javascript; name = "jquery-1.11.1.min.js"; path = "MBus-master/jquery-1.11.1.min.js"; sourceTree = SOURCE_ROOT; };
		9EEA3A2519A2717E00EE4BB0 /* Images.xcassets */ = {isa = PBXFileReference; lastKnownFileType = folder.assetcatalog; path = Images.xcassets; sourceTree = "<group>"; };
/* End PBXFileReference section */

/* Begin PBXFrameworksBuildPhase section */
		9EEA39AA19A2565B00EE4BB0 /* Frameworks */ = {
			isa = PBXFrameworksBuildPhase;
			buildActionMask = 2147483647;
			files = (
				9EEA39B319A2565B00EE4BB0 /* CoreGraphics.framework in Frameworks */,
				9EEA39B519A2565B00EE4BB0 /* UIKit.framework in Frameworks */,
				9EEA39B119A2565B00EE4BB0 /* Foundation.framework in Frameworks */,
			);
			runOnlyForDeploymentPostprocessing = 0;
		};
		9EEA39CB19A2565B00EE4BB0 /* Frameworks */ = {
			isa = PBXFrameworksBuildPhase;
			buildActionMask = 2147483647;
			files = (
				9EEA39D019A2565B00EE4BB0 /* XCTest.framework in Frameworks */,
				9EEA39D219A2565B00EE4BB0 /* UIKit.framework in Frameworks */,
				9EEA39D119A2565B00EE4BB0 /* Foundation.framework in Frameworks */,
			);
			runOnlyForDeploymentPostprocessing = 0;
		};
/* End PBXFrameworksBuildPhase section */

/* Begin PBXGroup section */
		9EEA39A419A2565B00EE4BB0 = {
			isa = PBXGroup;
			children = (
				9EEA39B619A2565B00EE4BB0 /* MBusApp */,
				9EEA39D519A2565B00EE4BB0 /* MBusAppTests */,
				9EEA39AF19A2565B00EE4BB0 /* Frameworks */,
				9EEA39AE19A2565B00EE4BB0 /* Products */,
			);
			sourceTree = "<group>";
		};
		9EEA39AE19A2565B00EE4BB0 /* Products */ = {
			isa = PBXGroup;
			children = (
				9EEA39AD19A2565B00EE4BB0 /* MBusApp.app */,
				9EEA39CE19A2565B00EE4BB0 /* MBusAppTests.xctest */,
			);
			name = Products;
			sourceTree = "<group>";
		};
		9EEA39AF19A2565B00EE4BB0 /* Frameworks */ = {
			isa = PBXGroup;
			children = (
				9EEA39B019A2565B00EE4BB0 /* Foundation.framework */,
				9EEA39B219A2565B00EE4BB0 /* CoreGraphics.framework */,
				9EEA39B419A2565B00EE4BB0 /* UIKit.framework */,
				9EEA39CF19A2565B00EE4BB0 /* XCTest.framework */,
			);
			name = Frameworks;
			sourceTree = "<group>";
		};
		9EEA39B619A2565B00EE4BB0 /* MBusApp */ = {
			isa = PBXGroup;
			children = (
				9EEA39E519A2576100EE4BB0 /* WebPage */,
				9EEA39BF19A2565B00EE4BB0 /* AppDelegate.h */,
				9EEA39C019A2565B00EE4BB0 /* AppDelegate.m */,
				9EEA39C219A2565B00EE4BB0 /* Main.storyboard */,
				9EEA3A2519A2717E00EE4BB0 /* Images.xcassets */,
				9EEA39C519A2565B00EE4BB0 /* ViewController.h */,
				9EEA39C619A2565B00EE4BB0 /* ViewController.m */,
				9EEA39B719A2565B00EE4BB0 /* Supporting Files */,
			);
			path = MBusApp;
			sourceTree = "<group>";
		};
		9EEA39B719A2565B00EE4BB0 /* Supporting Files */ = {
			isa = PBXGroup;
			children = (
				9EEA39B819A2565B00EE4BB0 /* MBusApp-Info.plist */,
				9EEA39B919A2565B00EE4BB0 /* InfoPlist.strings */,
				9EEA39BC19A2565B00EE4BB0 /* main.m */,
				9EEA39BE19A2565B00EE4BB0 /* MBusApp-Prefix.pch */,
			);
			name = "Supporting Files";
			sourceTree = "<group>";
		};
		9EEA39D519A2565B00EE4BB0 /* MBusAppTests */ = {
			isa = PBXGroup;
			children = (
				9EEA39DB19A2565B00EE4BB0 /* MBusAppTests.m */,
				9EEA39D619A2565B00EE4BB0 /* Supporting Files */,
			);
			path = MBusAppTests;
			sourceTree = "<group>";
		};
		9EEA39D619A2565B00EE4BB0 /* Supporting Files */ = {
			isa = PBXGroup;
			children = (
				9EEA39D719A2565B00EE4BB0 /* MBusAppTests-Info.plist */,
				9EEA39D819A2565B00EE4BB0 /* InfoPlist.strings */,
			);
			name = "Supporting Files";
			sourceTree = "<group>";
		};
		9EEA39E519A2576100EE4BB0 /* WebPage */ = {
			isa = PBXGroup;
			children = (
				9EEA39EA19A2579800EE4BB0 /* busStyle.css */,
				9EEA3A1D19A25D8C00EE4BB0 /* busData.min.js */,
				9EEA3A1F19A25D9700EE4BB0 /* jquery-1.11.1.min.js */,
				9EEA39E819A2578E00EE4BB0 /* mbus.html */,
				9EEA39EC19A257CF00EE4BB0 /* stop-card.html */,
				9EEA39FB19A2595400EE4BB0 /* components_full */,
			);
			name = WebPage;
			sourceTree = "<group>";
		};
/* End PBXGroup section */

/* Begin PBXNativeTarget section */
		9EEA39AC19A2565B00EE4BB0 /* MBusApp */ = {
			isa = PBXNativeTarget;
			buildConfigurationList = 9EEA39DF19A2565B00EE4BB0 /* Build configuration list for PBXNativeTarget "MBusApp" */;
			buildPhases = (
				9EEA39A919A2565B00EE4BB0 /* Sources */,
				9EEA39AA19A2565B00EE4BB0 /* Frameworks */,
				9EEA39AB19A2565B00EE4BB0 /* Resources */,
			);
			buildRules = (
			);
			dependencies = (
			);
			name = MBusApp;
			productName = MBusApp;
			productReference = 9EEA39AD19A2565B00EE4BB0 /* MBusApp.app */;
			productType = "com.apple.product-type.application";
		};
		9EEA39CD19A2565B00EE4BB0 /* MBusAppTests */ = {
			isa = PBXNativeTarget;
			buildConfigurationList = 9EEA39E219A2565B00EE4BB0 /* Build configuration list for PBXNativeTarget "MBusAppTests" */;
			buildPhases = (
				9EEA39CA19A2565B00EE4BB0 /* Sources */,
				9EEA39CB19A2565B00EE4BB0 /* Frameworks */,
				9EEA39CC19A2565B00EE4BB0 /* Resources */,
			);
			buildRules = (
			);
			dependencies = (
				9EEA39D419A2565B00EE4BB0 /* PBXTargetDependency */,
			);
			name = MBusAppTests;
			productName = MBusAppTests;
			productReference = 9EEA39CE19A2565B00EE4BB0 /* MBusAppTests.xctest */;
			productType = "com.apple.product-type.bundle.unit-test";
		};
/* End PBXNativeTarget section */

/* Begin PBXProject section */
		9EEA39A519A2565B00EE4BB0 /* Project object */ = {
			isa = PBXProject;
			attributes = {
				LastUpgradeCheck = 0510;
				TargetAttributes = {
					9EEA39CD19A2565B00EE4BB0 = {
						TestTargetID = 9EEA39AC19A2565B00EE4BB0;
					};
				};
			};
			buildConfigurationList = 9EEA39A819A2565B00EE4BB0 /* Build configuration list for PBXProject "MBusApp" */;
			compatibilityVersion = "Xcode 3.2";
			developmentRegion = English;
			hasScannedForEncodings = 0;
			knownRegions = (
				en,
				Base,
			);
			mainGroup = 9EEA39A419A2565B00EE4BB0;
			productRefGroup = 9EEA39AE19A2565B00EE4BB0 /* Products */;
			projectDirPath = "";
			projectRoot = "";
			targets = (
				9EEA39AC19A2565B00EE4BB0 /* MBusApp */,
				9EEA39CD19A2565B00EE4BB0 /* MBusAppTests */,
			);
		};
/* End PBXProject section */

/* Begin PBXResourcesBuildPhase section */
		9EEA39AB19A2565B00EE4BB0 /* Resources */ = {
			isa = PBXResourcesBuildPhase;
			buildActionMask = 2147483647;
			files = (
				9EEA3A2619A2717E00EE4BB0 /* Images.xcassets in Resources */,
				9EEA39E919A2578E00EE4BB0 /* mbus.html in Resources */,
				9EEA39BB19A2565B00EE4BB0 /* InfoPlist.strings in Resources */,
				9EEA3A2319A260DA00EE4BB0 /* busData.min.js in Resources */,
				9EEA3A2419A260DE00EE4BB0 /* jquery-1.11.1.min.js in Resources */,
				9EEA39ED19A257CF00EE4BB0 /* stop-card.html in Resources */,
				9EEA39C419A2565B00EE4BB0 /* Main.storyboard in Resources */,
				9EEA39EB19A2579800EE4BB0 /* busStyle.css in Resources */,
				9EEA39FC19A2595400EE4BB0 /* components_full in Resources */,
			);
			runOnlyForDeploymentPostprocessing = 0;
		};
		9EEA39CC19A2565B00EE4BB0 /* Resources */ = {
			isa = PBXResourcesBuildPhase;
			buildActionMask = 2147483647;
			files = (
				9EEA39DA19A2565B00EE4BB0 /* InfoPlist.strings in Resources */,
			);
			runOnlyForDeploymentPostprocessing = 0;
		};
/* End PBXResourcesBuildPhase section */

/* Begin PBXSourcesBuildPhase section */
		9EEA39A919A2565B00EE4BB0 /* Sources */ = {
			isa = PBXSourcesBuildPhase;
			buildActionMask = 2147483647;
			files = (
				9EEA39C719A2565B00EE4BB0 /* ViewController.m in Sources */,
				9EEA39C119A2565B00EE4BB0 /* AppDelegate.m in Sources */,
				9EEA39BD19A2565B00EE4BB0 /* main.m in Sources */,
			);
			runOnlyForDeploymentPostprocessing = 0;
		};
		9EEA39CA19A2565B00EE4BB0 /* Sources */ = {
			isa = PBXSourcesBuildPhase;
			buildActionMask = 2147483647;
			files = (
				9EEA39DC19A2565B00EE4BB0 /* MBusAppTests.m in Sources */,
			);
			runOnlyForDeploymentPostprocessing = 0;
		};
/* End PBXSourcesBuildPhase section */

/* Begin PBXTargetDependency section */
		9EEA39D419A2565B00EE4BB0 /* PBXTargetDependency */ = {
			isa = PBXTargetDependency;
			target = 9EEA39AC19A2565B00EE4BB0 /* MBusApp */;
			targetProxy = 9EEA39D319A2565B00EE4BB0 /* PBXContainerItemProxy */;
		};
/* End PBXTargetDependency section */

/* Begin PBXVariantGroup section */
		9EEA39B919A2565B00EE4BB0 /* InfoPlist.strings */ = {
			isa = PBXVariantGroup;
			children = (
				9EEA39BA19A2565B00EE4BB0 /* en */,
			);
			name = InfoPlist.strings;
			sourceTree = "<group>";
		};
		9EEA39C219A2565B00EE4BB0 /* Main.storyboard */ = {
			isa = PBXVariantGroup;
			children = (
				9EEA39C319A2565B00EE4BB0 /* Base */,
			);
			name = Main.storyboard;
			sourceTree = "<group>";
		};
		9EEA39D819A2565B00EE4BB0 /* InfoPlist.strings */ = {
			isa = PBXVariantGroup;
			children = (
				9EEA39D919A2565B00EE4BB0 /* en */,
			);
			name = InfoPlist.strings;
			sourceTree = "<group>";
		};
/* End PBXVariantGroup section */

/* Begin XCBuildConfiguration section */
		9EEA39DD19A2565B00EE4BB0 /* Debug */ = {
			isa = XCBuildConfiguration;
			buildSettings = {
				ALWAYS_SEARCH_USER_PATHS = NO;
				CLANG_CXX_LANGUAGE_STANDARD = "gnu++0x";
				CLANG_CXX_LIBRARY = "libc++";
				CLANG_ENABLE_MODULES = YES;
				CLANG_ENABLE_OBJC_ARC = YES;
				CLANG_WARN_BOOL_CONVERSION = YES;
				CLANG_WARN_CONSTANT_CONVERSION = YES;
				CLANG_WARN_DIRECT_OBJC_ISA_USAGE = YES_ERROR;
				CLANG_WARN_EMPTY_BODY = YES;
				CLANG_WARN_ENUM_CONVERSION = YES;
				CLANG_WARN_INT_CONVERSION = YES;
				CLANG_WARN_OBJC_ROOT_CLASS = YES_ERROR;
				CLANG_WARN__DUPLICATE_METHOD_MATCH = YES;
				"CODE_SIGN_IDENTITY[sdk=iphoneos*]" = "iPhone Developer";
				COPY_PHASE_STRIP = NO;
				GCC_C_LANGUAGE_STANDARD = gnu99;
				GCC_DYNAMIC_NO_PIC = NO;
				GCC_OPTIMIZATION_LEVEL = 0;
				GCC_PREPROCESSOR_DEFINITIONS = (
					"DEBUG=1",
					"$(inherited)",
				);
				GCC_SYMBOLS_PRIVATE_EXTERN = NO;
				GCC_WARN_64_TO_32_BIT_CONVERSION = YES;
				GCC_WARN_ABOUT_RETURN_TYPE = YES_ERROR;
				GCC_WARN_UNDECLARED_SELECTOR = YES;
				GCC_WARN_UNINITIALIZED_AUTOS = YES_AGGRESSIVE;
				GCC_WARN_UNUSED_FUNCTION = YES;
				GCC_WARN_UNUSED_VARIABLE = YES;
				IPHONEOS_DEPLOYMENT_TARGET = 7.1;
				ONLY_ACTIVE_ARCH = YES;
				SDKROOT = iphoneos;
			};
			name = Debug;
		};
		9EEA39DE19A2565B00EE4BB0 /* Release */ = {
			isa = XCBuildConfiguration;
			buildSettings = {
				ALWAYS_SEARCH_USER_PATHS = NO;
				CLANG_CXX_LANGUAGE_STANDARD = "gnu++0x";
				CLANG_CXX_LIBRARY = "libc++";
				CLANG_ENABLE_MODULES = YES;
				CLANG_ENABLE_OBJC_ARC = YES;
				CLANG_WARN_BOOL_CONVERSION = YES;
				CLANG_WARN_CONSTANT_CONVERSION = YES;
				CLANG_WARN_DIRECT_OBJC_ISA_USAGE = YES_ERROR;
				CLANG_WARN_EMPTY_BODY = YES;
				CLANG_WARN_ENUM_CONVERSION = YES;
				CLANG_WARN_INT_CONVERSION = YES;
				CLANG_WARN_OBJC_ROOT_CLASS = YES_ERROR;
				CLANG_WARN__DUPLICATE_METHOD_MATCH = YES;
				"CODE_SIGN_IDENTITY[sdk=iphoneos*]" = "iPhone Developer";
				COPY_PHASE_STRIP = YES;
				ENABLE_NS_ASSERTIONS = NO;
				GCC_C_LANGUAGE_STANDARD = gnu99;
				GCC_WARN_64_TO_32_BIT_CONVERSION = YES;
				GCC_WARN_ABOUT_RETURN_TYPE = YES_ERROR;
				GCC_WARN_UNDECLARED_SELECTOR = YES;
				GCC_WARN_UNINITIALIZED_AUTOS = YES_AGGRESSIVE;
				GCC_WARN_UNUSED_FUNCTION = YES;
				GCC_WARN_UNUSED_VARIABLE = YES;
				IPHONEOS_DEPLOYMENT_TARGET = 7.1;
				SDKROOT = iphoneos;
				VALIDATE_PRODUCT = YES;
			};
			name = Release;
		};
		9EEA39E019A2565B00EE4BB0 /* Debug */ = {
			isa = XCBuildConfiguration;
			buildSettings = {
				ASSETCATALOG_COMPILER_APPICON_NAME = AppIcon;
				ASSETCATALOG_COMPILER_LAUNCHIMAGE_NAME = LaunchImage;
				GCC_PRECOMPILE_PREFIX_HEADER = YES;
				GCC_PREFIX_HEADER = "MBusApp/MBusApp-Prefix.pch";
				INFOPLIST_FILE = "MBusApp/MBusApp-Info.plist";
				IPHONEOS_DEPLOYMENT_TARGET = 7.1;
				PRODUCT_NAME = "$(TARGET_NAME)";
				WRAPPER_EXTENSION = app;
			};
			name = Debug;
		};
		9EEA39E119A2565B00EE4BB0 /* Release */ = {
			isa = XCBuildConfiguration;
			buildSettings = {
				ASSETCATALOG_COMPILER_APPICON_NAME = AppIcon;
				ASSETCATALOG_COMPILER_LAUNCHIMAGE_NAME = LaunchImage;
				GCC_PRECOMPILE_PREFIX_HEADER = YES;
				GCC_PREFIX_HEADER = "MBusApp/MBusApp-Prefix.pch";
				INFOPLIST_FILE = "MBusApp/MBusApp-Info.plist";
				IPHONEOS_DEPLOYMENT_TARGET = 7.1;
				PRODUCT_NAME = "$(TARGET_NAME)";
				WRAPPER_EXTENSION = app;
			};
			name = Release;
		};
		9EEA39E319A2565B00EE4BB0 /* Debug */ = {
			isa = XCBuildConfiguration;
			buildSettings = {
				BUNDLE_LOADER = "$(BUILT_PRODUCTS_DIR)/MBusApp.app/MBusApp";
				FRAMEWORK_SEARCH_PATHS = (
					"$(SDKROOT)/Developer/Library/Frameworks",
					"$(inherited)",
					"$(DEVELOPER_FRAMEWORKS_DIR)",
				);
				GCC_PRECOMPILE_PREFIX_HEADER = YES;
				GCC_PREFIX_HEADER = "MBusApp/MBusApp-Prefix.pch";
				GCC_PREPROCESSOR_DEFINITIONS = (
					"DEBUG=1",
					"$(inherited)",
				);
				INFOPLIST_FILE = "MBusAppTests/MBusAppTests-Info.plist";
				PRODUCT_NAME = "$(TARGET_NAME)";
				TEST_HOST = "$(BUNDLE_LOADER)";
				WRAPPER_EXTENSION = xctest;
			};
			name = Debug;
		};
		9EEA39E419A2565B00EE4BB0 /* Release */ = {
			isa = XCBuildConfiguration;
			buildSettings = {
				BUNDLE_LOADER = "$(BUILT_PRODUCTS_DIR)/MBusApp.app/MBusApp";
				FRAMEWORK_SEARCH_PATHS = (
					"$(SDKROOT)/Developer/Library/Frameworks",
					"$(inherited)",
					"$(DEVELOPER_FRAMEWORKS_DIR)",
				);
				GCC_PRECOMPILE_PREFIX_HEADER = YES;
				GCC_PREFIX_HEADER = "MBusApp/MBusApp-Prefix.pch";
				INFOPLIST_FILE = "MBusAppTests/MBusAppTests-Info.plist";
				PRODUCT_NAME = "$(TARGET_NAME)";
				TEST_HOST = "$(BUNDLE_LOADER)";
				WRAPPER_EXTENSION = xctest;
			};
			name = Release;
		};
/* End XCBuildConfiguration section */

/* Begin XCConfigurationList section */
		9EEA39A819A2565B00EE4BB0 /* Build configuration list for PBXProject "MBusApp" */ = {
			isa = XCConfigurationList;
			buildConfigurations = (
				9EEA39DD19A2565B00EE4BB0 /* Debug */,
				9EEA39DE19A2565B00EE4BB0 /* Release */,
			);
			defaultConfigurationIsVisible = 0;
			defaultConfigurationName = Release;
		};
		9EEA39DF19A2565B00EE4BB0 /* Build configuration list for PBXNativeTarget "MBusApp" */ = {
			isa = XCConfigurationList;
			buildConfigurations = (
				9EEA39E019A2565B00EE4BB0 /* Debug */,
				9EEA39E119A2565B00EE4BB0 /* Release */,
			);
			defaultConfigurationIsVisible = 0;
			defaultConfigurationName = Release;
		};
		9EEA39E219A2565B00EE4BB0 /* Build configuration list for PBXNativeTarget "MBusAppTests" */ = {
			isa = XCConfigurationList;
			buildConfigurations = (
				9EEA39E319A2565B00EE4BB0 /* Debug */,
				9EEA39E419A2565B00EE4BB0 /* Release */,
			);
			defaultConfigurationIsVisible = 0;
			defaultConfigurationName = Release;
		};
/* End XCConfigurationList section */
	};
	rootObject = 9EEA39A519A2565B00EE4BB0 /* Project object */;
}
